// !$*UTF8*$!
{
	archiveVersion = 1;
	classes = {
	};
	objectVersion = 46;
	objects = {

/* Begin PBXBuildFile section */
		7D4DCB1B1AB375E20067FEA0 /* CHArrayAdditions.h in Headers */ = {isa = PBXBuildFile; fileRef = 7D4DCAE01AB375E20067FEA0 /* CHArrayAdditions.h */; settings = {ATTRIBUTES = (Public, ); }; };
		7D4DCB1C1AB375E20067FEA0 /* CHArrayAdditions.m in Sources */ = {isa = PBXBuildFile; fileRef = 7D4DCAE11AB375E20067FEA0 /* CHArrayAdditions.m */; };
		7D4DCB1D1AB375E20067FEA0 /* CHBlackCard.h in Headers */ = {isa = PBXBuildFile; fileRef = 7D4DCAE51AB375E20067FEA0 /* CHBlackCard.h */; settings = {ATTRIBUTES = (Public, ); }; };
		7D4DCB1E1AB375E20067FEA0 /* CHBlackCard.m in Sources */ = {isa = PBXBuildFile; fileRef = 7D4DCAE61AB375E20067FEA0 /* CHBlackCard.m */; };
		7D4DCB1F1AB375E20067FEA0 /* CHCard.h in Headers */ = {isa = PBXBuildFile; fileRef = 7D4DCAE71AB375E20067FEA0 /* CHCard.h */; settings = {ATTRIBUTES = (Public, ); }; };
		7D4DCB201AB375E20067FEA0 /* CHCard.m in Sources */ = {isa = PBXBuildFile; fileRef = 7D4DCAE81AB375E20067FEA0 /* CHCard.m */; };
		7D4DCB211AB375E20067FEA0 /* CHWhiteCard.h in Headers */ = {isa = PBXBuildFile; fileRef = 7D4DCAEA1AB375E20067FEA0 /* CHWhiteCard.h */; settings = {ATTRIBUTES = (Public, ); }; };
		7D4DCB221AB375E20067FEA0 /* CHWhiteCard.m in Sources */ = {isa = PBXBuildFile; fileRef = 7D4DCAEB1AB375E20067FEA0 /* CHWhiteCard.m */; };
		7D4DCB231AB375E20067FEA0 /* CHGame.h in Headers */ = {isa = PBXBuildFile; fileRef = 7D4DCAEC1AB375E20067FEA0 /* CHGame.h */; settings = {ATTRIBUTES = (Public, ); }; };
		7D4DCB241AB375E20067FEA0 /* CHGame.m in Sources */ = {isa = PBXBuildFile; fileRef = 7D4DCAED1AB375E20067FEA0 /* CHGame.m */; };
		7D4DCB251AB375E20067FEA0 /* CHBlackDeck.h in Headers */ = {isa = PBXBuildFile; fileRef = 7D4DCAF01AB375E20067FEA0 /* CHBlackDeck.h */; settings = {ATTRIBUTES = (Public, ); }; };
		7D4DCB261AB375E20067FEA0 /* CHBlackDeck.m in Sources */ = {isa = PBXBuildFile; fileRef = 7D4DCAF11AB375E20067FEA0 /* CHBlackDeck.m */; };
		7D4DCB271AB375E20067FEA0 /* CHDeck.h in Headers */ = {isa = PBXBuildFile; fileRef = 7D4DCAF21AB375E20067FEA0 /* CHDeck.h */; settings = {ATTRIBUTES = (Public, ); }; };
		7D4DCB281AB375E20067FEA0 /* CHDeck.m in Sources */ = {isa = PBXBuildFile; fileRef = 7D4DCAF31AB375E20067FEA0 /* CHDeck.m */; };
		7D4DCB291AB375E20067FEA0 /* CHWhiteDeck.h in Headers */ = {isa = PBXBuildFile; fileRef = 7D4DCAF51AB375E20067FEA0 /* CHWhiteDeck.h */; settings = {ATTRIBUTES = (Public, ); }; };
		7D4DCB2A1AB375E20067FEA0 /* CHWhiteDeck.m in Sources */ = {isa = PBXBuildFile; fileRef = 7D4DCAF61AB375E20067FEA0 /* CHWhiteDeck.m */; };
		7D4DCB2B1AB375E20067FEA0 /* CHHand.h in Headers */ = {isa = PBXBuildFile; fileRef = 7D4DCAF81AB375E20067FEA0 /* CHHand.h */; settings = {ATTRIBUTES = (Public, ); }; };
		7D4DCB2C1AB375E20067FEA0 /* CHHand.m in Sources */ = {isa = PBXBuildFile; fileRef = 7D4DCAF91AB375E20067FEA0 /* CHHand.m */; };
		7D4DCB2D1AB375E20067FEA0 /* CHPlayer.h in Headers */ = {isa = PBXBuildFile; fileRef = 7D4DCAFB1AB375E20067FEA0 /* CHPlayer.h */; settings = {ATTRIBUTES = (Public, ); }; };
		7D4DCB2E1AB375E20067FEA0 /* CHPlayer.m in Sources */ = {isa = PBXBuildFile; fileRef = 7D4DCAFC1AB375E20067FEA0 /* CHPlayer.m */; };
		7D4DCB2F1AB375E20067FEA0 /* CHRound.h in Headers */ = {isa = PBXBuildFile; fileRef = 7D4DCAFE1AB375E20067FEA0 /* CHRound.h */; settings = {ATTRIBUTES = (Public, ); }; };
		7D4DCB301AB375E20067FEA0 /* CHRound.m in Sources */ = {isa = PBXBuildFile; fileRef = 7D4DCAFF1AB375E20067FEA0 /* CHRound.m */; };
		7D4DCB311AB375E20067FEA0 /* CHCardView.h in Headers */ = {isa = PBXBuildFile; fileRef = 7D4DCB011AB375E20067FEA0 /* CHCardView.h */; settings = {ATTRIBUTES = (Public, ); }; };
		7D4DCB321AB375E20067FEA0 /* CHCardView.m in Sources */ = {isa = PBXBuildFile; fileRef = 7D4DCB021AB375E20067FEA0 /* CHCardView.m */; };
		7D4DCB331AB375E20067FEA0 /* CHChosenCardsTableViewController.h in Headers */ = {isa = PBXBuildFile; fileRef = 7D4DCB071AB375E20067FEA0 /* CHChosenCardsTableViewController.h */; settings = {ATTRIBUTES = (Public, ); }; };
		7D4DCB341AB375E20067FEA0 /* CHChosenCardsTableViewController.m in Sources */ = {isa = PBXBuildFile; fileRef = 7D4DCB081AB375E20067FEA0 /* CHChosenCardsTableViewController.m */; };
		7D4DCB351AB375E20067FEA0 /* CHChosenCardsHeaderViewController.h in Headers */ = {isa = PBXBuildFile; fileRef = 7D4DCB0A1AB375E20067FEA0 /* CHChosenCardsHeaderViewController.h */; settings = {ATTRIBUTES = (Public, ); }; };
		7D4DCB361AB375E20067FEA0 /* CHChosenCardsHeaderViewController.m in Sources */ = {isa = PBXBuildFile; fileRef = 7D4DCB0B1AB375E20067FEA0 /* CHChosenCardsHeaderViewController.m */; };
		7D4DCB371AB375E20067FEA0 /* CHStaticTableHeaderWrapperViewController.h in Headers */ = {isa = PBXBuildFile; fileRef = 7D4DCB0C1AB375E20067FEA0 /* CHStaticTableHeaderWrapperViewController.h */; settings = {ATTRIBUTES = (Public, ); }; };
		7D4DCB381AB375E20067FEA0 /* CHStaticTableHeaderWrapperViewController.m in Sources */ = {isa = PBXBuildFile; fileRef = 7D4DCB0D1AB375E20067FEA0 /* CHStaticTableHeaderWrapperViewController.m */; };
		7D4DCB391AB375E20067FEA0 /* CHPlayerCardsTableViewController.h in Headers */ = {isa = PBXBuildFile; fileRef = 7D4DCB0F1AB375E20067FEA0 /* CHPlayerCardsTableViewController.h */; settings = {ATTRIBUTES = (Public, ); }; };
		7D4DCB3A1AB375E20067FEA0 /* CHPlayerCardsTableViewController.m in Sources */ = {isa = PBXBuildFile; fileRef = 7D4DCB101AB375E20067FEA0 /* CHPlayerCardsTableViewController.m */; };
		7D4DCB3B1AB375E20067FEA0 /* CHStaticPlayersHeaderWrapperViewController.h in Headers */ = {isa = PBXBuildFile; fileRef = 7D4DCB131AB375E20067FEA0 /* CHStaticPlayersHeaderWrapperViewController.h */; settings = {ATTRIBUTES = (Public, ); }; };
		7D4DCB3C1AB375E20067FEA0 /* CHStaticPlayersHeaderWrapperViewController.m in Sources */ = {isa = PBXBuildFile; fileRef = 7D4DCB141AB375E20067FEA0 /* CHStaticPlayersHeaderWrapperViewController.m */; };
		7D4DCB3D1AB375E20067FEA0 /* CHPlayersTableViewController.h in Headers */ = {isa = PBXBuildFile; fileRef = 7D4DCB161AB375E20067FEA0 /* CHPlayersTableViewController.h */; settings = {ATTRIBUTES = (Public, ); }; };
		7D4DCB3E1AB375E20067FEA0 /* CHPlayersTableViewController.m in Sources */ = {isa = PBXBuildFile; fileRef = 7D4DCB171AB375E20067FEA0 /* CHPlayersTableViewController.m */; };
		7D4DCB3F1AB375E20067FEA0 /* CHPlayersHeaderViewController.h in Headers */ = {isa = PBXBuildFile; fileRef = 7D4DCB191AB375E20067FEA0 /* CHPlayersHeaderViewController.h */; settings = {ATTRIBUTES = (Public, ); }; };
		7D4DCB401AB375E20067FEA0 /* CHPlayersHeaderViewController.m in Sources */ = {isa = PBXBuildFile; fileRef = 7D4DCB1A1AB375E20067FEA0 /* CHPlayersHeaderViewController.m */; };
		7D766F841A72F8E800AC8841 /* Black Pages in Resources */ = {isa = PBXBuildFile; fileRef = 7D766F821A72F8E800AC8841 /* Black Pages */; };
		7D766F851A72F8E800AC8841 /* White Pages in Resources */ = {isa = PBXBuildFile; fileRef = 7D766F831A72F8E800AC8841 /* White Pages */; };
		7D766F8F1A730CD100AC8841 /* Card.xib in Resources */ = {isa = PBXBuildFile; fileRef = 7D766F8E1A730CD100AC8841 /* Card.xib */; };
		7D9EAFFA1A4E619000D6F4D8 /* coh-test.h in Headers */ = {isa = PBXBuildFile; fileRef = 7D9EAFF91A4E619000D6F4D8 /* coh-test.h */; settings = {ATTRIBUTES = (Public, ); }; };
		7D9EB0001A4E619000D6F4D8 /* coh.framework in Frameworks */ = {isa = PBXBuildFile; fileRef = 7D9EAFF41A4E619000D6F4D8 /* coh.framework */; };
		7D9EB0071A4E619000D6F4D8 /* coh_testTests.m in Sources */ = {isa = PBXBuildFile; fileRef = 7D9EB0061A4E619000D6F4D8 /* coh_testTests.m */; };
		7D9EB01D1A4E62E200D6F4D8 /* Foundation.framework in Frameworks */ = {isa = PBXBuildFile; fileRef = 7D9EB01C1A4E62E200D6F4D8 /* Foundation.framework */; };
		7D9EB05A1A4F270D00D6F4D8 /* CardsAgainstHumanity.h in Headers */ = {isa = PBXBuildFile; fileRef = 7D9EB0591A4F26BB00D6F4D8 /* CardsAgainstHumanity.h */; settings = {ATTRIBUTES = (Public, ); }; };
/* End PBXBuildFile section */

/* Begin PBXContainerItemProxy section */
		7D9EB0011A4E619000D6F4D8 /* PBXContainerItemProxy */ = {
			isa = PBXContainerItemProxy;
			containerPortal = 7D9EAFEB1A4E619000D6F4D8 /* Project object */;
			proxyType = 1;
			remoteGlobalIDString = 7D9EAFF31A4E619000D6F4D8;
			remoteInfo = "coh-test";
		};
/* End PBXContainerItemProxy section */

/* Begin PBXFileReference section */
		7D4DCAE01AB375E20067FEA0 /* CHArrayAdditions.h */ = {isa = PBXFileReference; fileEncoding = 4; lastKnownFileType = sourcecode.c.h; path = CHArrayAdditions.h; sourceTree = "<group>"; };
		7D4DCAE11AB375E20067FEA0 /* CHArrayAdditions.m */ = {isa = PBXFileReference; fileEncoding = 4; lastKnownFileType = sourcecode.c.objc; path = CHArrayAdditions.m; sourceTree = "<group>"; };
		7D4DCAE51AB375E20067FEA0 /* CHBlackCard.h */ = {isa = PBXFileReference; fileEncoding = 4; lastKnownFileType = sourcecode.c.h; path = CHBlackCard.h; sourceTree = "<group>"; };
		7D4DCAE61AB375E20067FEA0 /* CHBlackCard.m */ = {isa = PBXFileReference; fileEncoding = 4; lastKnownFileType = sourcecode.c.objc; path = CHBlackCard.m; sourceTree = "<group>"; };
		7D4DCAE71AB375E20067FEA0 /* CHCard.h */ = {isa = PBXFileReference; fileEncoding = 4; lastKnownFileType = sourcecode.c.h; path = CHCard.h; sourceTree = "<group>"; };
		7D4DCAE81AB375E20067FEA0 /* CHCard.m */ = {isa = PBXFileReference; fileEncoding = 4; lastKnownFileType = sourcecode.c.objc; path = CHCard.m; sourceTree = "<group>"; };
		7D4DCAEA1AB375E20067FEA0 /* CHWhiteCard.h */ = {isa = PBXFileReference; fileEncoding = 4; lastKnownFileType = sourcecode.c.h; path = CHWhiteCard.h; sourceTree = "<group>"; };
		7D4DCAEB1AB375E20067FEA0 /* CHWhiteCard.m */ = {isa = PBXFileReference; fileEncoding = 4; lastKnownFileType = sourcecode.c.objc; path = CHWhiteCard.m; sourceTree = "<group>"; };
		7D4DCAEC1AB375E20067FEA0 /* CHGame.h */ = {isa = PBXFileReference; fileEncoding = 4; lastKnownFileType = sourcecode.c.h; path = CHGame.h; sourceTree = "<group>"; };
		7D4DCAED1AB375E20067FEA0 /* CHGame.m */ = {isa = PBXFileReference; fileEncoding = 4; lastKnownFileType = sourcecode.c.objc; path = CHGame.m; sourceTree = "<group>"; };
		7D4DCAF01AB375E20067FEA0 /* CHBlackDeck.h */ = {isa = PBXFileReference; fileEncoding = 4; lastKnownFileType = sourcecode.c.h; path = CHBlackDeck.h; sourceTree = "<group>"; };
		7D4DCAF11AB375E20067FEA0 /* CHBlackDeck.m */ = {isa = PBXFileReference; fileEncoding = 4; lastKnownFileType = sourcecode.c.objc; path = CHBlackDeck.m; sourceTree = "<group>"; };
		7D4DCAF21AB375E20067FEA0 /* CHDeck.h */ = {isa = PBXFileReference; fileEncoding = 4; lastKnownFileType = sourcecode.c.h; path = CHDeck.h; sourceTree = "<group>"; };
		7D4DCAF31AB375E20067FEA0 /* CHDeck.m */ = {isa = PBXFileReference; fileEncoding = 4; lastKnownFileType = sourcecode.c.objc; path = CHDeck.m; sourceTree = "<group>"; };
		7D4DCAF51AB375E20067FEA0 /* CHWhiteDeck.h */ = {isa = PBXFileReference; fileEncoding = 4; lastKnownFileType = sourcecode.c.h; path = CHWhiteDeck.h; sourceTree = "<group>"; };
		7D4DCAF61AB375E20067FEA0 /* CHWhiteDeck.m */ = {isa = PBXFileReference; fileEncoding = 4; lastKnownFileType = sourcecode.c.objc; path = CHWhiteDeck.m; sourceTree = "<group>"; };
		7D4DCAF81AB375E20067FEA0 /* CHHand.h */ = {isa = PBXFileReference; fileEncoding = 4; lastKnownFileType = sourcecode.c.h; path = CHHand.h; sourceTree = "<group>"; };
		7D4DCAF91AB375E20067FEA0 /* CHHand.m */ = {isa = PBXFileReference; fileEncoding = 4; lastKnownFileType = sourcecode.c.objc; path = CHHand.m; sourceTree = "<group>"; };
		7D4DCAFB1AB375E20067FEA0 /* CHPlayer.h */ = {isa = PBXFileReference; fileEncoding = 4; lastKnownFileType = sourcecode.c.h; path = CHPlayer.h; sourceTree = "<group>"; };
		7D4DCAFC1AB375E20067FEA0 /* CHPlayer.m */ = {isa = PBXFileReference; fileEncoding = 4; lastKnownFileType = sourcecode.c.objc; path = CHPlayer.m; sourceTree = "<group>"; };
		7D4DCAFE1AB375E20067FEA0 /* CHRound.h */ = {isa = PBXFileReference; fileEncoding = 4; lastKnownFileType = sourcecode.c.h; path = CHRound.h; sourceTree = "<group>"; };
		7D4DCAFF1AB375E20067FEA0 /* CHRound.m */ = {isa = PBXFileReference; fileEncoding = 4; lastKnownFileType = sourcecode.c.objc; path = CHRound.m; sourceTree = "<group>"; };
		7D4DCB011AB375E20067FEA0 /* CHCardView.h */ = {isa = PBXFileReference; fileEncoding = 4; lastKnownFileType = sourcecode.c.h; path = CHCardView.h; sourceTree = "<group>"; };
		7D4DCB021AB375E20067FEA0 /* CHCardView.m */ = {isa = PBXFileReference; fileEncoding = 4; lastKnownFileType = sourcecode.c.objc; path = CHCardView.m; sourceTree = "<group>"; };
		7D4DCB071AB375E20067FEA0 /* CHChosenCardsTableViewController.h */ = {isa = PBXFileReference; fileEncoding = 4; lastKnownFileType = sourcecode.c.h; path = CHChosenCardsTableViewController.h; sourceTree = "<group>"; };
		7D4DCB081AB375E20067FEA0 /* CHChosenCardsTableViewController.m */ = {isa = PBXFileReference; fileEncoding = 4; lastKnownFileType = sourcecode.c.objc; path = CHChosenCardsTableViewController.m; sourceTree = "<group>"; };
		7D4DCB0A1AB375E20067FEA0 /* CHChosenCardsHeaderViewController.h */ = {isa = PBXFileReference; fileEncoding = 4; lastKnownFileType = sourcecode.c.h; path = CHChosenCardsHeaderViewController.h; sourceTree = "<group>"; };
		7D4DCB0B1AB375E20067FEA0 /* CHChosenCardsHeaderViewController.m */ = {isa = PBXFileReference; fileEncoding = 4; lastKnownFileType = sourcecode.c.objc; path = CHChosenCardsHeaderViewController.m; sourceTree = "<group>"; };
		7D4DCB0C1AB375E20067FEA0 /* CHStaticTableHeaderWrapperViewController.h */ = {isa = PBXFileReference; fileEncoding = 4; lastKnownFileType = sourcecode.c.h; path = CHStaticTableHeaderWrapperViewController.h; sourceTree = "<group>"; };
		7D4DCB0D1AB375E20067FEA0 /* CHStaticTableHeaderWrapperViewController.m */ = {isa = PBXFileReference; fileEncoding = 4; lastKnownFileType = sourcecode.c.objc; path = CHStaticTableHeaderWrapperViewController.m; sourceTree = "<group>"; };
		7D4DCB0F1AB375E20067FEA0 /* CHPlayerCardsTableViewController.h */ = {isa = PBXFileReference; fileEncoding = 4; lastKnownFileType = sourcecode.c.h; path = CHPlayerCardsTableViewController.h; sourceTree = "<group>"; };
		7D4DCB101AB375E20067FEA0 /* CHPlayerCardsTableViewController.m */ = {isa = PBXFileReference; fileEncoding = 4; lastKnownFileType = sourcecode.c.objc; path = CHPlayerCardsTableViewController.m; sourceTree = "<group>"; };
		7D4DCB131AB375E20067FEA0 /* CHStaticPlayersHeaderWrapperViewController.h */ = {isa = PBXFileReference; fileEncoding = 4; lastKnownFileType = sourcecode.c.h; path = CHStaticPlayersHeaderWrapperViewController.h; sourceTree = "<group>"; };
		7D4DCB141AB375E20067FEA0 /* CHStaticPlayersHeaderWrapperViewController.m */ = {isa = PBXFileReference; fileEncoding = 4; lastKnownFileType = sourcecode.c.objc; path = CHStaticPlayersHeaderWrapperViewController.m; sourceTree = "<group>"; };
		7D4DCB161AB375E20067FEA0 /* CHPlayersTableViewController.h */ = {isa = PBXFileReference; fileEncoding = 4; lastKnownFileType = sourcecode.c.h; path = CHPlayersTableViewController.h; sourceTree = "<group>"; };
		7D4DCB171AB375E20067FEA0 /* CHPlayersTableViewController.m */ = {isa = PBXFileReference; fileEncoding = 4; lastKnownFileType = sourcecode.c.objc; path = CHPlayersTableViewController.m; sourceTree = "<group>"; };
		7D4DCB191AB375E20067FEA0 /* CHPlayersHeaderViewController.h */ = {isa = PBXFileReference; fileEncoding = 4; lastKnownFileType = sourcecode.c.h; path = CHPlayersHeaderViewController.h; sourceTree = "<group>"; };
		7D4DCB1A1AB375E20067FEA0 /* CHPlayersHeaderViewController.m */ = {isa = PBXFileReference; fileEncoding = 4; lastKnownFileType = sourcecode.c.objc; path = CHPlayersHeaderViewController.m; sourceTree = "<group>"; };
		7D766F821A72F8E800AC8841 /* Black Pages */ = {isa = PBXFileReference; lastKnownFileType = folder; name = "Black Pages"; path = "../../Cards Against Humanity/Black Pages"; sourceTree = "<group>"; };
		7D766F831A72F8E800AC8841 /* White Pages */ = {isa = PBXFileReference; lastKnownFileType = folder; name = "White Pages"; path = "../../Cards Against Humanity/White Pages"; sourceTree = "<group>"; };
		7D766F8E1A730CD100AC8841 /* Card.xib */ = {isa = PBXFileReference; fileEncoding = 4; lastKnownFileType = file.xib; path = Card.xib; sourceTree = "<group>"; };
		7D9EAFF41A4E619000D6F4D8 /* coh.framework */ = {isa = PBXFileReference; explicitFileType = wrapper.framework; includeInIndex = 0; path = coh.framework; sourceTree = BUILT_PRODUCTS_DIR; };
		7D9EAFF81A4E619000D6F4D8 /* Info.plist */ = {isa = PBXFileReference; lastKnownFileType = text.plist.xml; path = Info.plist; sourceTree = "<group>"; };
		7D9EAFF91A4E619000D6F4D8 /* coh-test.h */ = {isa = PBXFileReference; lastKnownFileType = sourcecode.c.h; path = "coh-test.h"; sourceTree = "<group>"; };
		7D9EAFFF1A4E619000D6F4D8 /* coh-testTests.xctest */ = {isa = PBXFileReference; explicitFileType = wrapper.cfbundle; includeInIndex = 0; path = "coh-testTests.xctest"; sourceTree = BUILT_PRODUCTS_DIR; };
		7D9EB0051A4E619000D6F4D8 /* Info.plist */ = {isa = PBXFileReference; lastKnownFileType = text.plist.xml; path = Info.plist; sourceTree = "<group>"; };
		7D9EB0061A4E619000D6F4D8 /* coh_testTests.m */ = {isa = PBXFileReference; lastKnownFileType = sourcecode.c.objc; path = coh_testTests.m; sourceTree = "<group>"; };
		7D9EB01C1A4E62E200D6F4D8 /* Foundation.framework */ = {isa = PBXFileReference; lastKnownFileType = wrapper.framework; name = Foundation.framework; path = System/Library/Frameworks/Foundation.framework; sourceTree = SDKROOT; };
		7D9EB01E1A4E631000D6F4D8 /* PCH.pch */ = {isa = PBXFileReference; lastKnownFileType = sourcecode.c.h; path = PCH.pch; sourceTree = "<group>"; };
		7D9EB0591A4F26BB00D6F4D8 /* CardsAgainstHumanity.h */ = {isa = PBXFileReference; lastKnownFileType = sourcecode.c.h; path = CardsAgainstHumanity.h; sourceTree = "<group>"; };
/* End PBXFileReference section */

/* Begin PBXFrameworksBuildPhase section */
		7D9EAFF01A4E619000D6F4D8 /* Frameworks */ = {
			isa = PBXFrameworksBuildPhase;
			buildActionMask = 2147483647;
			files = (
				7D9EB01D1A4E62E200D6F4D8 /* Foundation.framework in Frameworks */,
			);
			runOnlyForDeploymentPostprocessing = 0;
		};
		7D9EAFFC1A4E619000D6F4D8 /* Frameworks */ = {
			isa = PBXFrameworksBuildPhase;
			buildActionMask = 2147483647;
			files = (
				7D9EB0001A4E619000D6F4D8 /* coh.framework in Frameworks */,
			);
			runOnlyForDeploymentPostprocessing = 0;
		};
/* End PBXFrameworksBuildPhase section */

/* Begin PBXGroup section */
		7D4DCADF1AB375E20067FEA0 /* Categories */ = {
			isa = PBXGroup;
			children = (
				7D4DCAE01AB375E20067FEA0 /* CHArrayAdditions.h */,
				7D4DCAE11AB375E20067FEA0 /* CHArrayAdditions.m */,
			);
			path = Categories;
			sourceTree = "<group>";
		};
		7D4DCAE21AB375E20067FEA0 /* Game */ = {
			isa = PBXGroup;
			children = (
				7D4DCAE31AB375E20067FEA0 /* Card */,
				7D4DCAEC1AB375E20067FEA0 /* CHGame.h */,
				7D4DCAED1AB375E20067FEA0 /* CHGame.m */,
				7D4DCAEE1AB375E20067FEA0 /* Deck */,
				7D4DCAF71AB375E20067FEA0 /* Hand */,
				7D4DCAFA1AB375E20067FEA0 /* Player */,
				7D4DCAFD1AB375E20067FEA0 /* Round */,
			);
			path = Game;
			sourceTree = "<group>";
		};
		7D4DCAE31AB375E20067FEA0 /* Card */ = {
			isa = PBXGroup;
			children = (
				7D4DCAE41AB375E20067FEA0 /* Black Card */,
				7D4DCAE71AB375E20067FEA0 /* CHCard.h */,
				7D4DCAE81AB375E20067FEA0 /* CHCard.m */,
				7D4DCAE91AB375E20067FEA0 /* White Card */,
			);
			path = Card;
			sourceTree = "<group>";
		};
		7D4DCAE41AB375E20067FEA0 /* Black Card */ = {
			isa = PBXGroup;
			children = (
				7D4DCAE51AB375E20067FEA0 /* CHBlackCard.h */,
				7D4DCAE61AB375E20067FEA0 /* CHBlackCard.m */,
			);
			path = "Black Card";
			sourceTree = "<group>";
		};
		7D4DCAE91AB375E20067FEA0 /* White Card */ = {
			isa = PBXGroup;
			children = (
				7D4DCAEA1AB375E20067FEA0 /* CHWhiteCard.h */,
				7D4DCAEB1AB375E20067FEA0 /* CHWhiteCard.m */,
			);
			path = "White Card";
			sourceTree = "<group>";
		};
		7D4DCAEE1AB375E20067FEA0 /* Deck */ = {
			isa = PBXGroup;
			children = (
				7D4DCAEF1AB375E20067FEA0 /* Black Deck */,
				7D4DCAF21AB375E20067FEA0 /* CHDeck.h */,
				7D4DCAF31AB375E20067FEA0 /* CHDeck.m */,
				7D4DCAF41AB375E20067FEA0 /* White Deck */,
			);
			path = Deck;
			sourceTree = "<group>";
		};
		7D4DCAEF1AB375E20067FEA0 /* Black Deck */ = {
			isa = PBXGroup;
			children = (
				7D4DCAF01AB375E20067FEA0 /* CHBlackDeck.h */,
				7D4DCAF11AB375E20067FEA0 /* CHBlackDeck.m */,
			);
			path = "Black Deck";
			sourceTree = "<group>";
		};
		7D4DCAF41AB375E20067FEA0 /* White Deck */ = {
			isa = PBXGroup;
			children = (
				7D4DCAF51AB375E20067FEA0 /* CHWhiteDeck.h */,
				7D4DCAF61AB375E20067FEA0 /* CHWhiteDeck.m */,
			);
			path = "White Deck";
			sourceTree = "<group>";
		};
		7D4DCAF71AB375E20067FEA0 /* Hand */ = {
			isa = PBXGroup;
			children = (
				7D4DCAF81AB375E20067FEA0 /* CHHand.h */,
				7D4DCAF91AB375E20067FEA0 /* CHHand.m */,
			);
			path = Hand;
			sourceTree = "<group>";
		};
		7D4DCAFA1AB375E20067FEA0 /* Player */ = {
			isa = PBXGroup;
			children = (
				7D4DCAFB1AB375E20067FEA0 /* CHPlayer.h */,
				7D4DCAFC1AB375E20067FEA0 /* CHPlayer.m */,
			);
			path = Player;
			sourceTree = "<group>";
		};
		7D4DCAFD1AB375E20067FEA0 /* Round */ = {
			isa = PBXGroup;
			children = (
				7D4DCAFE1AB375E20067FEA0 /* CHRound.h */,
				7D4DCAFF1AB375E20067FEA0 /* CHRound.m */,
			);
			path = Round;
			sourceTree = "<group>";
		};
		7D4DCB001AB375E20067FEA0 /* Visual Components */ = {
			isa = PBXGroup;
			children = (
				7D4DCB011AB375E20067FEA0 /* CHCardView.h */,
				7D4DCB021AB375E20067FEA0 /* CHCardView.m */,
				7D4DCB031AB375E20067FEA0 /* Controllers */,
			);
			path = "Visual Components";
			sourceTree = "<group>";
		};
		7D4DCB031AB375E20067FEA0 /* Controllers */ = {
			isa = PBXGroup;
			children = (
				7D4DCB041AB375E20067FEA0 /* Chosen Cards Controllers */,
				7D4DCB0E1AB375E20067FEA0 /* Player Cards Controller */,
				7D4DCB111AB375E20067FEA0 /* Players Controllers */,
			);
			path = Controllers;
			sourceTree = "<group>";
		};
		7D4DCB041AB375E20067FEA0 /* Chosen Cards Controllers */ = {
			isa = PBXGroup;
			children = (
				7D4DCB051AB375E20067FEA0 /* Chosen Cards Wrapper Controller */,
			);
			path = "Chosen Cards Controllers";
			sourceTree = "<group>";
		};
		7D4DCB051AB375E20067FEA0 /* Chosen Cards Wrapper Controller */ = {
			isa = PBXGroup;
			children = (
				7D4DCB061AB375E20067FEA0 /* Chosen Cards Controller */,
				7D4DCB091AB375E20067FEA0 /* Chosen Cards Header */,
				7D4DCB0C1AB375E20067FEA0 /* CHStaticTableHeaderWrapperViewController.h */,
				7D4DCB0D1AB375E20067FEA0 /* CHStaticTableHeaderWrapperViewController.m */,
			);
			path = "Chosen Cards Wrapper Controller";
			sourceTree = "<group>";
		};
		7D4DCB061AB375E20067FEA0 /* Chosen Cards Controller */ = {
			isa = PBXGroup;
			children = (
				7D4DCB071AB375E20067FEA0 /* CHChosenCardsTableViewController.h */,
				7D4DCB081AB375E20067FEA0 /* CHChosenCardsTableViewController.m */,
			);
			path = "Chosen Cards Controller";
			sourceTree = "<group>";
		};
		7D4DCB091AB375E20067FEA0 /* Chosen Cards Header */ = {
			isa = PBXGroup;
			children = (
				7D4DCB0A1AB375E20067FEA0 /* CHChosenCardsHeaderViewController.h */,
				7D4DCB0B1AB375E20067FEA0 /* CHChosenCardsHeaderViewController.m */,
			);
			path = "Chosen Cards Header";
			sourceTree = "<group>";
		};
		7D4DCB0E1AB375E20067FEA0 /* Player Cards Controller */ = {
			isa = PBXGroup;
			children = (
				7D4DCB0F1AB375E20067FEA0 /* CHPlayerCardsTableViewController.h */,
				7D4DCB101AB375E20067FEA0 /* CHPlayerCardsTableViewController.m */,
			);
			path = "Player Cards Controller";
			sourceTree = "<group>";
		};
		7D4DCB111AB375E20067FEA0 /* Players Controllers */ = {
			isa = PBXGroup;
			children = (
				7D4DCB121AB375E20067FEA0 /* Players Wrapper Controller */,
			);
			path = "Players Controllers";
			sourceTree = "<group>";
		};
		7D4DCB121AB375E20067FEA0 /* Players Wrapper Controller */ = {
			isa = PBXGroup;
			children = (
				7D4DCB131AB375E20067FEA0 /* CHStaticPlayersHeaderWrapperViewController.h */,
				7D4DCB141AB375E20067FEA0 /* CHStaticPlayersHeaderWrapperViewController.m */,
				7D4DCB151AB375E20067FEA0 /* Players Controller */,
				7D4DCB181AB375E20067FEA0 /* Players Header Controller */,
			);
			path = "Players Wrapper Controller";
			sourceTree = "<group>";
		};
		7D4DCB151AB375E20067FEA0 /* Players Controller */ = {
			isa = PBXGroup;
			children = (
				7D4DCB161AB375E20067FEA0 /* CHPlayersTableViewController.h */,
				7D4DCB171AB375E20067FEA0 /* CHPlayersTableViewController.m */,
			);
			path = "Players Controller";
			sourceTree = "<group>";
		};
		7D4DCB181AB375E20067FEA0 /* Players Header Controller */ = {
			isa = PBXGroup;
			children = (
				7D4DCB191AB375E20067FEA0 /* CHPlayersHeaderViewController.h */,
				7D4DCB1A1AB375E20067FEA0 /* CHPlayersHeaderViewController.m */,
			);
			path = "Players Header Controller";
			sourceTree = "<group>";
		};
		7D9EAFEA1A4E619000D6F4D8 = {
			isa = PBXGroup;
			children = (
				7D9EB01C1A4E62E200D6F4D8 /* Foundation.framework */,
				7D9EAFF61A4E619000D6F4D8 /* coh-test */,
				7D9EB0031A4E619000D6F4D8 /* coh-testTests */,
				7D9EAFF51A4E619000D6F4D8 /* Products */,
			);
			sourceTree = "<group>";
		};
		7D9EAFF51A4E619000D6F4D8 /* Products */ = {
			isa = PBXGroup;
			children = (
				7D9EAFF41A4E619000D6F4D8 /* coh.framework */,
				7D9EAFFF1A4E619000D6F4D8 /* coh-testTests.xctest */,
			);
			name = Products;
			sourceTree = "<group>";
		};
		7D9EAFF61A4E619000D6F4D8 /* coh-test */ = {
			isa = PBXGroup;
			children = (
				7D9EAFF91A4E619000D6F4D8 /* coh-test.h */,
				7D9EB0591A4F26BB00D6F4D8 /* CardsAgainstHumanity.h */,
				7D4DCADF1AB375E20067FEA0 /* Categories */,
				7D4DCAE21AB375E20067FEA0 /* Game */,
				7D4DCB001AB375E20067FEA0 /* Visual Components */,
				7D9EAFF71A4E619000D6F4D8 /* Supporting Files */,
			);
			path = "coh-test";
			sourceTree = "<group>";
		};
		7D9EAFF71A4E619000D6F4D8 /* Supporting Files */ = {
			isa = PBXGroup;
			children = (
				7D766F8E1A730CD100AC8841 /* Card.xib */,
				7D766F821A72F8E800AC8841 /* Black Pages */,
				7D766F831A72F8E800AC8841 /* White Pages */,
				7D9EAFF81A4E619000D6F4D8 /* Info.plist */,
				7D9EB01E1A4E631000D6F4D8 /* PCH.pch */,
			);
			name = "Supporting Files";
			sourceTree = "<group>";
		};
		7D9EB0031A4E619000D6F4D8 /* coh-testTests */ = {
			isa = PBXGroup;
			children = (
				7D9EB0061A4E619000D6F4D8 /* coh_testTests.m */,
				7D9EB0041A4E619000D6F4D8 /* Supporting Files */,
			);
			path = "coh-testTests";
			sourceTree = "<group>";
		};
		7D9EB0041A4E619000D6F4D8 /* Supporting Files */ = {
			isa = PBXGroup;
			children = (
				7D9EB0051A4E619000D6F4D8 /* Info.plist */,
			);
			name = "Supporting Files";
			sourceTree = "<group>";
		};
/* End PBXGroup section */

/* Begin PBXHeadersBuildPhase section */
		7D9EAFF11A4E619000D6F4D8 /* Headers */ = {
			isa = PBXHeadersBuildPhase;
			buildActionMask = 2147483647;
			files = (
				7D4DCB311AB375E20067FEA0 /* CHCardView.h in Headers */,
				7D4DCB3B1AB375E20067FEA0 /* CHStaticPlayersHeaderWrapperViewController.h in Headers */,
				7D4DCB351AB375E20067FEA0 /* CHChosenCardsHeaderViewController.h in Headers */,
				7D4DCB291AB375E20067FEA0 /* CHWhiteDeck.h in Headers */,
				7D4DCB1F1AB375E20067FEA0 /* CHCard.h in Headers */,
				7D4DCB251AB375E20067FEA0 /* CHBlackDeck.h in Headers */,
				7D4DCB1D1AB375E20067FEA0 /* CHBlackCard.h in Headers */,
				7D4DCB231AB375E20067FEA0 /* CHGame.h in Headers */,
				7D4DCB391AB375E20067FEA0 /* CHPlayerCardsTableViewController.h in Headers */,
				7D4DCB3D1AB375E20067FEA0 /* CHPlayersTableViewController.h in Headers */,
				7D4DCB371AB375E20067FEA0 /* CHStaticTableHeaderWrapperViewController.h in Headers */,
				7D4DCB211AB375E20067FEA0 /* CHWhiteCard.h in Headers */,
				7D4DCB2D1AB375E20067FEA0 /* CHPlayer.h in Headers */,
				7D4DCB1B1AB375E20067FEA0 /* CHArrayAdditions.h in Headers */,
				7D4DCB331AB375E20067FEA0 /* CHChosenCardsTableViewController.h in Headers */,
				7D4DCB3F1AB375E20067FEA0 /* CHPlayersHeaderViewController.h in Headers */,
				7D4DCB2F1AB375E20067FEA0 /* CHRound.h in Headers */,
				7D4DCB2B1AB375E20067FEA0 /* CHHand.h in Headers */,
				7D4DCB271AB375E20067FEA0 /* CHDeck.h in Headers */,
				7D9EB05A1A4F270D00D6F4D8 /* CardsAgainstHumanity.h in Headers */,
				7D9EAFFA1A4E619000D6F4D8 /* coh-test.h in Headers */,
			);
			runOnlyForDeploymentPostprocessing = 0;
		};
/* End PBXHeadersBuildPhase section */

/* Begin PBXNativeTarget section */
		7D9EAFF31A4E619000D6F4D8 /* coh */ = {
			isa = PBXNativeTarget;
			buildConfigurationList = 7D9EB00A1A4E619000D6F4D8 /* Build configuration list for PBXNativeTarget "coh" */;
			buildPhases = (
				7D9EAFEF1A4E619000D6F4D8 /* Sources */,
				7D9EAFF01A4E619000D6F4D8 /* Frameworks */,
				7D9EAFF11A4E619000D6F4D8 /* Headers */,
				7D9EAFF21A4E619000D6F4D8 /* Resources */,
			);
			buildRules = (
			);
			dependencies = (
			);
			name = coh;
			productName = "coh-test";
			productReference = 7D9EAFF41A4E619000D6F4D8 /* coh.framework */;
			productType = "com.apple.product-type.framework";
		};
		7D9EAFFE1A4E619000D6F4D8 /* coh-testTests */ = {
			isa = PBXNativeTarget;
			buildConfigurationList = 7D9EB00D1A4E619000D6F4D8 /* Build configuration list for PBXNativeTarget "coh-testTests" */;
			buildPhases = (
				7D9EAFFB1A4E619000D6F4D8 /* Sources */,
				7D9EAFFC1A4E619000D6F4D8 /* Frameworks */,
				7D9EAFFD1A4E619000D6F4D8 /* Resources */,
			);
			buildRules = (
			);
			dependencies = (
				7D9EB0021A4E619000D6F4D8 /* PBXTargetDependency */,
			);
			name = "coh-testTests";
			productName = "coh-testTests";
			productReference = 7D9EAFFF1A4E619000D6F4D8 /* coh-testTests.xctest */;
			productType = "com.apple.product-type.bundle.unit-test";
		};
/* End PBXNativeTarget section */

/* Begin PBXProject section */
		7D9EAFEB1A4E619000D6F4D8 /* Project object */ = {
			isa = PBXProject;
			attributes = {
				LastUpgradeCheck = 0610;
				ORGANIZATIONNAME = ensighten;
				TargetAttributes = {
					7D9EAFF31A4E619000D6F4D8 = {
						CreatedOnToolsVersion = 6.1;
					};
					7D9EAFFE1A4E619000D6F4D8 = {
						CreatedOnToolsVersion = 6.1;
					};
				};
			};
			buildConfigurationList = 7D9EAFEE1A4E619000D6F4D8 /* Build configuration list for PBXProject "coh-test" */;
			compatibilityVersion = "Xcode 3.2";
			developmentRegion = English;
			hasScannedForEncodings = 0;
			knownRegions = (
				en,
			);
			mainGroup = 7D9EAFEA1A4E619000D6F4D8;
			productRefGroup = 7D9EAFF51A4E619000D6F4D8 /* Products */;
			projectDirPath = "";
			projectRoot = "";
			targets = (
				7D9EAFF31A4E619000D6F4D8 /* coh */,
				7D9EAFFE1A4E619000D6F4D8 /* coh-testTests */,
			);
		};
/* End PBXProject section */

/* Begin PBXResourcesBuildPhase section */
		7D9EAFF21A4E619000D6F4D8 /* Resources */ = {
			isa = PBXResourcesBuildPhase;
			buildActionMask = 2147483647;
			files = (
				7D766F851A72F8E800AC8841 /* White Pages in Resources */,
				7D766F8F1A730CD100AC8841 /* Card.xib in Resources */,
				7D766F841A72F8E800AC8841 /* Black Pages in Resources */,
			);
			runOnlyForDeploymentPostprocessing = 0;
		};
		7D9EAFFD1A4E619000D6F4D8 /* Resources */ = {
			isa = PBXResourcesBuildPhase;
			buildActionMask = 2147483647;
			files = (
			);
			runOnlyForDeploymentPostprocessing = 0;
		};
/* End PBXResourcesBuildPhase section */

/* Begin PBXSourcesBuildPhase section */
		7D9EAFEF1A4E619000D6F4D8 /* Sources */ = {
			isa = PBXSourcesBuildPhase;
			buildActionMask = 2147483647;
			files = (
				7D4DCB281AB375E20067FEA0 /* CHDeck.m in Sources */,
				7D4DCB1E1AB375E20067FEA0 /* CHBlackCard.m in Sources */,
				7D4DCB201AB375E20067FEA0 /* CHCard.m in Sources */,
				7D4DCB2E1AB375E20067FEA0 /* CHPlayer.m in Sources */,
				7D4DCB2C1AB375E20067FEA0 /* CHHand.m in Sources */,
				7D4DCB341AB375E20067FEA0 /* CHChosenCardsTableViewController.m in Sources */,
				7D4DCB401AB375E20067FEA0 /* CHPlayersHeaderViewController.m in Sources */,
				7D4DCB3C1AB375E20067FEA0 /* CHStaticPlayersHeaderWrapperViewController.m in Sources */,
				7D4DCB2A1AB375E20067FEA0 /* CHWhiteDeck.m in Sources */,
				7D4DCB301AB375E20067FEA0 /* CHRound.m in Sources */,
				7D4DCB361AB375E20067FEA0 /* CHChosenCardsHeaderViewController.m in Sources */,
				7D4DCB381AB375E20067FEA0 /* CHStaticTableHeaderWrapperViewController.m in Sources */,
				7D4DCB3E1AB375E20067FEA0 /* CHPlayersTableViewController.m in Sources */,
				7D4DCB221AB375E20067FEA0 /* CHWhiteCard.m in Sources */,
				7D4DCB241AB375E20067FEA0 /* CHGame.m in Sources */,
				7D4DCB1C1AB375E20067FEA0 /* CHArrayAdditions.m in Sources */,
				7D4DCB3A1AB375E20067FEA0 /* CHPlayerCardsTableViewController.m in Sources */,
				7D4DCB261AB375E20067FEA0 /* CHBlackDeck.m in Sources */,
				7D4DCB321AB375E20067FEA0 /* CHCardView.m in Sources */,
			);
			runOnlyForDeploymentPostprocessing = 0;
		};
		7D9EAFFB1A4E619000D6F4D8 /* Sources */ = {
			isa = PBXSourcesBuildPhase;
			buildActionMask = 2147483647;
			files = (
				7D9EB0071A4E619000D6F4D8 /* coh_testTests.m in Sources */,
			);
			runOnlyForDeploymentPostprocessing = 0;
		};
/* End PBXSourcesBuildPhase section */

/* Begin PBXTargetDependency section */
		7D9EB0021A4E619000D6F4D8 /* PBXTargetDependency */ = {
			isa = PBXTargetDependency;
			target = 7D9EAFF31A4E619000D6F4D8 /* coh */;
			targetProxy = 7D9EB0011A4E619000D6F4D8 /* PBXContainerItemProxy */;
		};
/* End PBXTargetDependency section */

/* Begin XCBuildConfiguration section */
		7D9EB0081A4E619000D6F4D8 /* Debug */ = {
			isa = XCBuildConfiguration;
			buildSettings = {
				ALWAYS_SEARCH_USER_PATHS = NO;
				CLANG_CXX_LANGUAGE_STANDARD = "gnu++0x";
				CLANG_CXX_LIBRARY = "libc++";
				CLANG_ENABLE_MODULES = YES;
				CLANG_ENABLE_OBJC_ARC = YES;
				CLANG_WARN_BOOL_CONVERSION = YES;
				CLANG_WARN_CONSTANT_CONVERSION = YES;
				CLANG_WARN_DIRECT_OBJC_ISA_USAGE = YES_ERROR;
				CLANG_WARN_EMPTY_BODY = YES;
				CLANG_WARN_ENUM_CONVERSION = YES;
				CLANG_WARN_INT_CONVERSION = YES;
				CLANG_WARN_OBJC_ROOT_CLASS = YES_ERROR;
				CLANG_WARN_UNREACHABLE_CODE = YES;
				CLANG_WARN__DUPLICATE_METHOD_MATCH = YES;
				"CODE_SIGN_IDENTITY[sdk=iphoneos*]" = "iPhone Developer";
				COPY_PHASE_STRIP = NO;
				CURRENT_PROJECT_VERSION = 1;
				ENABLE_STRICT_OBJC_MSGSEND = YES;
				GCC_C_LANGUAGE_STANDARD = gnu99;
				GCC_DYNAMIC_NO_PIC = NO;
				GCC_OPTIMIZATION_LEVEL = 0;
				GCC_PREPROCESSOR_DEFINITIONS = (
					"DEBUG=1",
					"$(inherited)",
				);
				GCC_SYMBOLS_PRIVATE_EXTERN = NO;
				GCC_WARN_64_TO_32_BIT_CONVERSION = YES;
				GCC_WARN_ABOUT_RETURN_TYPE = YES_ERROR;
				GCC_WARN_UNDECLARED_SELECTOR = YES;
				GCC_WARN_UNINITIALIZED_AUTOS = YES_AGGRESSIVE;
				GCC_WARN_UNUSED_FUNCTION = YES;
				GCC_WARN_UNUSED_VARIABLE = YES;
				IPHONEOS_DEPLOYMENT_TARGET = 8.1;
				MTL_ENABLE_DEBUG_INFO = YES;
				ONLY_ACTIVE_ARCH = YES;
				SDKROOT = iphoneos;
				TARGETED_DEVICE_FAMILY = "1,2";
				VERSIONING_SYSTEM = "apple-generic";
				VERSION_INFO_PREFIX = "";
			};
			name = Debug;
		};
		7D9EB0091A4E619000D6F4D8 /* Release */ = {
			isa = XCBuildConfiguration;
			buildSettings = {
				ALWAYS_SEARCH_USER_PATHS = NO;
				CLANG_CXX_LANGUAGE_STANDARD = "gnu++0x";
				CLANG_CXX_LIBRARY = "libc++";
				CLANG_ENABLE_MODULES = YES;
				CLANG_ENABLE_OBJC_ARC = YES;
				CLANG_WARN_BOOL_CONVERSION = YES;
				CLANG_WARN_CONSTANT_CONVERSION = YES;
				CLANG_WARN_DIRECT_OBJC_ISA_USAGE = YES_ERROR;
				CLANG_WARN_EMPTY_BODY = YES;
				CLANG_WARN_ENUM_CONVERSION = YES;
				CLANG_WARN_INT_CONVERSION = YES;
				CLANG_WARN_OBJC_ROOT_CLASS = YES_ERROR;
				CLANG_WARN_UNREACHABLE_CODE = YES;
				CLANG_WARN__DUPLICATE_METHOD_MATCH = YES;
				"CODE_SIGN_IDENTITY[sdk=iphoneos*]" = "iPhone Developer";
				COPY_PHASE_STRIP = YES;
				CURRENT_PROJECT_VERSION = 1;
				ENABLE_NS_ASSERTIONS = NO;
				ENABLE_STRICT_OBJC_MSGSEND = YES;
				GCC_C_LANGUAGE_STANDARD = gnu99;
				GCC_WARN_64_TO_32_BIT_CONVERSION = YES;
				GCC_WARN_ABOUT_RETURN_TYPE = YES_ERROR;
				GCC_WARN_UNDECLARED_SELECTOR = YES;
				GCC_WARN_UNINITIALIZED_AUTOS = YES_AGGRESSIVE;
				GCC_WARN_UNUSED_FUNCTION = YES;
				GCC_WARN_UNUSED_VARIABLE = YES;
				IPHONEOS_DEPLOYMENT_TARGET = 8.1;
				MTL_ENABLE_DEBUG_INFO = NO;
				SDKROOT = iphoneos;
				TARGETED_DEVICE_FAMILY = "1,2";
				VALIDATE_PRODUCT = YES;
				VERSIONING_SYSTEM = "apple-generic";
				VERSION_INFO_PREFIX = "";
			};
			name = Release;
		};
		7D9EB00B1A4E619000D6F4D8 /* Debug */ = {
			isa = XCBuildConfiguration;
			buildSettings = {
				DEFINES_MODULE = YES;
				DYLIB_COMPATIBILITY_VERSION = 1;
				DYLIB_CURRENT_VERSION = 1;
				DYLIB_INSTALL_NAME_BASE = "@rpath";
				INFOPLIST_FILE = "coh-test/Info.plist";
				INSTALL_PATH = "$(LOCAL_LIBRARY_DIR)/Frameworks";
				LD_RUNPATH_SEARCH_PATHS = "$(inherited) @executable_path/Frameworks @loader_path/Frameworks";
				PRODUCT_NAME = "$(TARGET_NAME)";
				SKIP_INSTALL = YES;
			};
			name = Debug;
		};
		7D9EB00C1A4E619000D6F4D8 /* Release */ = {
			isa = XCBuildConfiguration;
			buildSettings = {
				DEFINES_MODULE = YES;
				DYLIB_COMPATIBILITY_VERSION = 1;
				DYLIB_CURRENT_VERSION = 1;
				DYLIB_INSTALL_NAME_BASE = "@rpath";
				INFOPLIST_FILE = "coh-test/Info.plist";
				INSTALL_PATH = "$(LOCAL_LIBRARY_DIR)/Frameworks";
				LD_RUNPATH_SEARCH_PATHS = "$(inherited) @executable_path/Frameworks @loader_path/Frameworks";
				PRODUCT_NAME = "$(TARGET_NAME)";
				SKIP_INSTALL = YES;
			};
			name = Release;
		};
		7D9EB00E1A4E619000D6F4D8 /* Debug */ = {
			isa = XCBuildConfiguration;
			buildSettings = {
				FRAMEWORK_SEARCH_PATHS = (
					"$(SDKROOT)/Developer/Library/Frameworks",
					"$(inherited)",
				);
				GCC_PREPROCESSOR_DEFINITIONS = (
					"DEBUG=1",
					"$(inherited)",
				);
				INFOPLIST_FILE = "coh-testTests/Info.plist";
				LD_RUNPATH_SEARCH_PATHS = "$(inherited) @executable_path/Frameworks @loader_path/Frameworks";
				PRODUCT_NAME = "$(TARGET_NAME)";
			};
			name = Debug;
		};
		7D9EB00F1A4E619000D6F4D8 /* Release */ = {
			isa = XCBuildConfiguration;
			buildSettings = {
				FRAMEWORK_SEARCH_PATHS = (
					"$(SDKROOT)/Developer/Library/Frameworks",
					"$(inherited)",
				);
				INFOPLIST_FILE = "coh-testTests/Info.plist";
				LD_RUNPATH_SEARCH_PATHS = "$(inherited) @executable_path/Frameworks @loader_path/Frameworks";
				PRODUCT_NAME = "$(TARGET_NAME)";
			};
			name = Release;
		};
/* End XCBuildConfiguration section */

/* Begin XCConfigurationList section */
		7D9EAFEE1A4E619000D6F4D8 /* Build configuration list for PBXProject "coh-test" */ = {
			isa = XCConfigurationList;
			buildConfigurations = (
				7D9EB0081A4E619000D6F4D8 /* Debug */,
				7D9EB0091A4E619000D6F4D8 /* Release */,
			);
			defaultConfigurationIsVisible = 0;
			defaultConfigurationName = Release;
		};
		7D9EB00A1A4E619000D6F4D8 /* Build configuration list for PBXNativeTarget "coh" */ = {
			isa = XCConfigurationList;
			buildConfigurations = (
				7D9EB00B1A4E619000D6F4D8 /* Debug */,
				7D9EB00C1A4E619000D6F4D8 /* Release */,
			);
			defaultConfigurationIsVisible = 0;
			defaultConfigurationName = Release;
		};
		7D9EB00D1A4E619000D6F4D8 /* Build configuration list for PBXNativeTarget "coh-testTests" */ = {
			isa = XCConfigurationList;
			buildConfigurations = (
				7D9EB00E1A4E619000D6F4D8 /* Debug */,
				7D9EB00F1A4E619000D6F4D8 /* Release */,
			);
			defaultConfigurationIsVisible = 0;
			defaultConfigurationName = Release;
		};
/* End XCConfigurationList section */
	};
	rootObject = 7D9EAFEB1A4E619000D6F4D8 /* Project object */;
}
